
Microsoft Visual Studio Solution File, Format Version 12.00
Project("{2150E333-8FDC-42A3-9474-1A3956D46DE8}") = "Base", "Base", "{4AD9105C-7FB1-457C-9482-62F479838731}"
EndProject
Project("{FAE04EC0-301F-11D3-BF4B-00C04F79EFBC}") = "DDDCore.Infrastructure", "Base\DDDCore.Infrastructure\DDDCore.Infrastructure.csproj", "{77067D48-565C-4801-9CA0-9C65B48A4029}"
EndProject
Project("{FAE04EC0-301F-11D3-BF4B-00C04F79EFBC}") = "Fyley.Core.Asp", "Base\Fyley.Core.Asp\Fyley.Core.Asp.csproj", "{9A28F19D-560A-4BA4-B998-BF2DAB5DD97A}"
EndProject
Project("{FAE04EC0-301F-11D3-BF4B-00C04F79EFBC}") = "DDDCore", "Base\DDDCore\DDDCore.csproj", "{397510F3-E209-4D4E-BA16-C59AB8469E37}"
EndProject
Project("{2150E333-8FDC-42A3-9474-1A3956D46DE8}") = "BFF", "BFF", "{EC997F74-2F22-4486-8D48-B4A94F44BD17}"
EndProject
Project("{2150E333-8FDC-42A3-9474-1A3956D46DE8}") = "Services", "Services", "{A70F6046-F20C-40FA-9580-18DB5A3C387F}"
EndProject
Project("{2150E333-8FDC-42A3-9474-1A3956D46DE8}") = "Account", "Account", "{6082CCA3-F0B5-4B19-88B1-AA435F2B38C1}"
EndProject
Project("{FAE04EC0-301F-11D3-BF4B-00C04F79EFBC}") = "Fyley.Services.Account", "Services\Account\Fyley.Services.Account\Fyley.Services.Account.csproj", "{F87A2BC0-CF37-45A7-BCC8-2BD0A3EAD9E9}"
EndProject
Project("{FAE04EC0-301F-11D3-BF4B-00C04F79EFBC}") = "Fyley.Services.Account.Bootstrapper.Grpc", "Services\Account\Fyley.Services.Account.Bootstrapper.Grpc\Fyley.Services.Account.Bootstrapper.Grpc.csproj", "{BC0247C2-A772-4C9A-9BA6-D0C842EE4DD6}"
EndProject
Project("{FAE04EC0-301F-11D3-BF4B-00C04F79EFBC}") = "Fyley.Services.Account.Infrastructure", "Services\Account\Fyley.Services.Account.Infrastructure\Fyley.Services.Account.Infrastructure.csproj", "{05224020-E133-408D-82BF-EFC8430EF2AA}"
EndProject
Project("{FAE04EC0-301F-11D3-BF4B-00C04F79EFBC}") = "Fyley.Services.Account.Infrastructure.Migrations", "Services\Account\Fyley.Services.Account.Infrastructure.Migrations\Fyley.Services.Account.Infrastructure.Migrations.csproj", "{98E6C0F6-AC17-4125-B65A-E68560F7B752}"
EndProject
Project("{2150E333-8FDC-42A3-9474-1A3956D46DE8}") = "Desktop", "Desktop", "{0123ACEF-E879-4199-8DFC-F4A7083275C7}"
EndProject
Project("{FAE04EC0-301F-11D3-BF4B-00C04F79EFBC}") = "Fyley.BFF.Desktop", "BFF\Desktop\Fyley.BFF.Desktop\Fyley.BFF.Desktop.csproj", "{4E4A4279-B8C8-4104-8696-0F36DEA875F5}"
EndProject
Global
	GlobalSection(SolutionConfigurationPlatforms) = preSolution
		Debug|Any CPU = Debug|Any CPU
		Release|Any CPU = Release|Any CPU
	EndGlobalSection
	GlobalSection(NestedProjects) = preSolution
		{77067D48-565C-4801-9CA0-9C65B48A4029} = {4AD9105C-7FB1-457C-9482-62F479838731}
		{9A28F19D-560A-4BA4-B998-BF2DAB5DD97A} = {4AD9105C-7FB1-457C-9482-62F479838731}
		{397510F3-E209-4D4E-BA16-C59AB8469E37} = {4AD9105C-7FB1-457C-9482-62F479838731}
		{6082CCA3-F0B5-4B19-88B1-AA435F2B38C1} = {A70F6046-F20C-40FA-9580-18DB5A3C387F}
		{F87A2BC0-CF37-45A7-BCC8-2BD0A3EAD9E9} = {6082CCA3-F0B5-4B19-88B1-AA435F2B38C1}
		{BC0247C2-A772-4C9A-9BA6-D0C842EE4DD6} = {6082CCA3-F0B5-4B19-88B1-AA435F2B38C1}
		{05224020-E133-408D-82BF-EFC8430EF2AA} = {6082CCA3-F0B5-4B19-88B1-AA435F2B38C1}
		{98E6C0F6-AC17-4125-B65A-E68560F7B752} = {6082CCA3-F0B5-4B19-88B1-AA435F2B38C1}
		{0123ACEF-E879-4199-8DFC-F4A7083275C7} = {EC997F74-2F22-4486-8D48-B4A94F44BD17}
		{4E4A4279-B8C8-4104-8696-0F36DEA875F5} = {0123ACEF-E879-4199-8DFC-F4A7083275C7}
	EndGlobalSection
	GlobalSection(ProjectConfigurationPlatforms) = postSolution
		{77067D48-565C-4801-9CA0-9C65B48A4029}.Debug|Any CPU.ActiveCfg = Debug|Any CPU
		{77067D48-565C-4801-9CA0-9C65B48A4029}.Debug|Any CPU.Build.0 = Debug|Any CPU
		{77067D48-565C-4801-9CA0-9C65B48A4029}.Release|Any CPU.ActiveCfg = Release|Any CPU
		{77067D48-565C-4801-9CA0-9C65B48A4029}.Release|Any CPU.Build.0 = Release|Any CPU
		{9A28F19D-560A-4BA4-B998-BF2DAB5DD97A}.Debug|Any CPU.ActiveCfg = Debug|Any CPU
		{9A28F19D-560A-4BA4-B998-BF2DAB5DD97A}.Debug|Any CPU.Build.0 = Debug|Any CPU
		{9A28F19D-560A-4BA4-B998-BF2DAB5DD97A}.Release|Any CPU.ActiveCfg = Release|Any CPU
		{9A28F19D-560A-4BA4-B998-BF2DAB5DD97A}.Release|Any CPU.Build.0 = Release|Any CPU
		{397510F3-E209-4D4E-BA16-C59AB8469E37}.Debug|Any CPU.ActiveCfg = Debug|Any CPU
		{397510F3-E209-4D4E-BA16-C59AB8469E37}.Debug|Any CPU.Build.0 = Debug|Any CPU
		{397510F3-E209-4D4E-BA16-C59AB8469E37}.Release|Any CPU.ActiveCfg = Release|Any CPU
		{397510F3-E209-4D4E-BA16-C59AB8469E37}.Release|Any CPU.Build.0 = Release|Any CPU
		{F87A2BC0-CF37-45A7-BCC8-2BD0A3EAD9E9}.Debug|Any CPU.ActiveCfg = Debug|Any CPU
		{F87A2BC0-CF37-45A7-BCC8-2BD0A3EAD9E9}.Debug|Any CPU.Build.0 = Debug|Any CPU
		{F87A2BC0-CF37-45A7-BCC8-2BD0A3EAD9E9}.Release|Any CPU.ActiveCfg = Release|Any CPU
		{F87A2BC0-CF37-45A7-BCC8-2BD0A3EAD9E9}.Release|Any CPU.Build.0 = Release|Any CPU
		{BC0247C2-A772-4C9A-9BA6-D0C842EE4DD6}.Debug|Any CPU.ActiveCfg = Debug|Any CPU
		{BC0247C2-A772-4C9A-9BA6-D0C842EE4DD6}.Debug|Any CPU.Build.0 = Debug|Any CPU
		{BC0247C2-A772-4C9A-9BA6-D0C842EE4DD6}.Release|Any CPU.ActiveCfg = Release|Any CPU
		{BC0247C2-A772-4C9A-9BA6-D0C842EE4DD6}.Release|Any CPU.Build.0 = Release|Any CPU
		{05224020-E133-408D-82BF-EFC8430EF2AA}.Debug|Any CPU.ActiveCfg = Debug|Any CPU
		{05224020-E133-408D-82BF-EFC8430EF2AA}.Debug|Any CPU.Build.0 = Debug|Any CPU
		{05224020-E133-408D-82BF-EFC8430EF2AA}.Release|Any CPU.ActiveCfg = Release|Any CPU
		{05224020-E133-408D-82BF-EFC8430EF2AA}.Release|Any CPU.Build.0 = Release|Any CPU
		{98E6C0F6-AC17-4125-B65A-E68560F7B752}.Debug|Any CPU.ActiveCfg = Debug|Any CPU
		{98E6C0F6-AC17-4125-B65A-E68560F7B752}.Debug|Any CPU.Build.0 = Debug|Any CPU
		{98E6C0F6-AC17-4125-B65A-E68560F7B752}.Release|Any CPU.ActiveCfg = Release|Any CPU
		{98E6C0F6-AC17-4125-B65A-E68560F7B752}.Release|Any CPU.Build.0 = Release|Any CPU
		{4E4A4279-B8C8-4104-8696-0F36DEA875F5}.Debug|Any CPU.ActiveCfg = Debug|Any CPU
		{4E4A4279-B8C8-4104-8696-0F36DEA875F5}.Debug|Any CPU.Build.0 = Debug|Any CPU
		{4E4A4279-B8C8-4104-8696-0F36DEA875F5}.Release|Any CPU.ActiveCfg = Release|Any CPU
		{4E4A4279-B8C8-4104-8696-0F36DEA875F5}.Release|Any CPU.Build.0 = Release|Any CPU
	EndGlobalSection
EndGlobal
