
Microsoft Visual Studio Solution File, Format Version 12.00
Project("{2150E333-8FDC-42A3-9474-1A3956D46DE8}") = "Components", "Components", "{FDA3388A-CC9D-4CB0-9C82-AA8ADC5C683F}"
EndProject
Project("{2150E333-8FDC-42A3-9474-1A3956D46DE8}") = "Base", "Base", "{4AD9105C-7FB1-457C-9482-62F479838731}"
EndProject
Project("{FAE04EC0-301F-11D3-BF4B-00C04F79EFBC}") = "DDDCore.Infrastructure", "Base\DDDCore.Infrastructure\DDDCore.Infrastructure.csproj", "{77067D48-565C-4801-9CA0-9C65B48A4029}"
EndProject
Project("{FAE04EC0-301F-11D3-BF4B-00C04F79EFBC}") = "Fyley.Core.Asp", "Base\Fyley.Core.Asp\Fyley.Core.Asp.csproj", "{9A28F19D-560A-4BA4-B998-BF2DAB5DD97A}"
EndProject
Project("{FAE04EC0-301F-11D3-BF4B-00C04F79EFBC}") = "DDDCore", "Base\DDDCore\DDDCore.csproj", "{397510F3-E209-4D4E-BA16-C59AB8469E37}"
EndProject
Project("{2150E333-8FDC-42A3-9474-1A3956D46DE8}") = "Dossiers", "Dossiers", "{10CD4A81-E379-4598-A214-415F9292A190}"
EndProject
Project("{FAE04EC0-301F-11D3-BF4B-00C04F79EFBC}") = "Fyley.Components.Dossiers", "Components\Fyley.Components.Dossiers\Fyley.Components.Dossiers.csproj", "{A3A18056-4604-4D73-8AB7-93CD45FB2654}"
EndProject
Project("{FAE04EC0-301F-11D3-BF4B-00C04F79EFBC}") = "Fyley.Components.Dossiers.Infrastructure", "Components\Fyley.Components.Dossiers.Infrastructure\Fyley.Components.Dossiers.Infrastructure.csproj", "{A3C92B52-92B4-4B1E-BD27-7067695FD76E}"
EndProject
Project("{2150E333-8FDC-42A3-9474-1A3956D46DE8}") = "BFF", "BFF", "{EC997F74-2F22-4486-8D48-B4A94F44BD17}"
EndProject
Project("{FAE04EC0-301F-11D3-BF4B-00C04F79EFBC}") = "Fyley.BFF.Desktop", "BFF\Fyley.BFF.Desktop\Fyley.BFF.Desktop.csproj", "{64656349-1040-4892-9B2E-78BDA170F344}"
EndProject
Project("{FAE04EC0-301F-11D3-BF4B-00C04F79EFBC}") = "Fyley.Components.Dossiers.Contracts", "Components\Fyley.Components.Dossiers.Contracts\Fyley.Components.Dossiers.Contracts.csproj", "{C3EBFDEA-10ED-4B3B-AE42-B102D130A949}"
EndProject
Project("{2150E333-8FDC-42A3-9474-1A3956D46DE8}") = "Util", "Util", "{B12BC75B-D9E0-4D1F-BEE4-2AB918FD7C25}"
EndProject
Project("{FAE04EC0-301F-11D3-BF4B-00C04F79EFBC}") = "Fyley.Util.Migrations", "Util\Fyley.Util.Migrations\Fyley.Util.Migrations.csproj", "{E9508454-C6EC-4798-852E-F7064AD650F0}"
EndProject
Project("{FAE04EC0-301F-11D3-BF4B-00C04F79EFBC}") = "Fyley.Components.Dossiers.Tests", "Components\Fyley.Components.Dossiers.Tests\Fyley.Components.Dossiers.Tests.csproj", "{C5D5776B-7B4A-48AE-A432-A8C3940387ED}"
EndProject
Project("{2150E333-8FDC-42A3-9474-1A3956D46DE8}") = "Accounts", "Accounts", "{C2D9D618-02B4-4565-9CAD-173B11F24BDF}"
EndProject
Project("{FAE04EC0-301F-11D3-BF4B-00C04F79EFBC}") = "Fyley.Components.Accounts", "Components\Fyley.Components.Accounts\Fyley.Components.Accounts.csproj", "{88C96AA4-A9A3-4C5C-BE31-1E541DED0CC1}"
EndProject
Project("{FAE04EC0-301F-11D3-BF4B-00C04F79EFBC}") = "Fyley.Components.Accounts.Tests", "Components\Fyley.Components.Accounts.Tests\Fyley.Components.Accounts.Tests.csproj", "{0C1CC90E-C4F3-4C30-A103-CA264AFE3390}"
EndProject
Global
	GlobalSection(SolutionConfigurationPlatforms) = preSolution
		Debug|Any CPU = Debug|Any CPU
		Release|Any CPU = Release|Any CPU
	EndGlobalSection
	GlobalSection(NestedProjects) = preSolution
		{77067D48-565C-4801-9CA0-9C65B48A4029} = {4AD9105C-7FB1-457C-9482-62F479838731}
		{9A28F19D-560A-4BA4-B998-BF2DAB5DD97A} = {4AD9105C-7FB1-457C-9482-62F479838731}
		{397510F3-E209-4D4E-BA16-C59AB8469E37} = {4AD9105C-7FB1-457C-9482-62F479838731}
		{10CD4A81-E379-4598-A214-415F9292A190} = {FDA3388A-CC9D-4CB0-9C82-AA8ADC5C683F}
		{A3A18056-4604-4D73-8AB7-93CD45FB2654} = {10CD4A81-E379-4598-A214-415F9292A190}
		{A3C92B52-92B4-4B1E-BD27-7067695FD76E} = {10CD4A81-E379-4598-A214-415F9292A190}
		{64656349-1040-4892-9B2E-78BDA170F344} = {EC997F74-2F22-4486-8D48-B4A94F44BD17}
		{C3EBFDEA-10ED-4B3B-AE42-B102D130A949} = {10CD4A81-E379-4598-A214-415F9292A190}
		{E9508454-C6EC-4798-852E-F7064AD650F0} = {B12BC75B-D9E0-4D1F-BEE4-2AB918FD7C25}
		{C5D5776B-7B4A-48AE-A432-A8C3940387ED} = {10CD4A81-E379-4598-A214-415F9292A190}
		{C2D9D618-02B4-4565-9CAD-173B11F24BDF} = {FDA3388A-CC9D-4CB0-9C82-AA8ADC5C683F}
		{88C96AA4-A9A3-4C5C-BE31-1E541DED0CC1} = {C2D9D618-02B4-4565-9CAD-173B11F24BDF}
		{0C1CC90E-C4F3-4C30-A103-CA264AFE3390} = {C2D9D618-02B4-4565-9CAD-173B11F24BDF}
	EndGlobalSection
	GlobalSection(ProjectConfigurationPlatforms) = postSolution
		{77067D48-565C-4801-9CA0-9C65B48A4029}.Debug|Any CPU.ActiveCfg = Debug|Any CPU
		{77067D48-565C-4801-9CA0-9C65B48A4029}.Debug|Any CPU.Build.0 = Debug|Any CPU
		{77067D48-565C-4801-9CA0-9C65B48A4029}.Release|Any CPU.ActiveCfg = Release|Any CPU
		{77067D48-565C-4801-9CA0-9C65B48A4029}.Release|Any CPU.Build.0 = Release|Any CPU
		{9A28F19D-560A-4BA4-B998-BF2DAB5DD97A}.Debug|Any CPU.ActiveCfg = Debug|Any CPU
		{9A28F19D-560A-4BA4-B998-BF2DAB5DD97A}.Debug|Any CPU.Build.0 = Debug|Any CPU
		{9A28F19D-560A-4BA4-B998-BF2DAB5DD97A}.Release|Any CPU.ActiveCfg = Release|Any CPU
		{9A28F19D-560A-4BA4-B998-BF2DAB5DD97A}.Release|Any CPU.Build.0 = Release|Any CPU
		{397510F3-E209-4D4E-BA16-C59AB8469E37}.Debug|Any CPU.ActiveCfg = Debug|Any CPU
		{397510F3-E209-4D4E-BA16-C59AB8469E37}.Debug|Any CPU.Build.0 = Debug|Any CPU
		{397510F3-E209-4D4E-BA16-C59AB8469E37}.Release|Any CPU.ActiveCfg = Release|Any CPU
		{397510F3-E209-4D4E-BA16-C59AB8469E37}.Release|Any CPU.Build.0 = Release|Any CPU
		{A3A18056-4604-4D73-8AB7-93CD45FB2654}.Debug|Any CPU.ActiveCfg = Debug|Any CPU
		{A3A18056-4604-4D73-8AB7-93CD45FB2654}.Debug|Any CPU.Build.0 = Debug|Any CPU
		{A3A18056-4604-4D73-8AB7-93CD45FB2654}.Release|Any CPU.ActiveCfg = Release|Any CPU
		{A3A18056-4604-4D73-8AB7-93CD45FB2654}.Release|Any CPU.Build.0 = Release|Any CPU
		{A3C92B52-92B4-4B1E-BD27-7067695FD76E}.Debug|Any CPU.ActiveCfg = Debug|Any CPU
		{A3C92B52-92B4-4B1E-BD27-7067695FD76E}.Debug|Any CPU.Build.0 = Debug|Any CPU
		{A3C92B52-92B4-4B1E-BD27-7067695FD76E}.Release|Any CPU.ActiveCfg = Release|Any CPU
		{A3C92B52-92B4-4B1E-BD27-7067695FD76E}.Release|Any CPU.Build.0 = Release|Any CPU
		{64656349-1040-4892-9B2E-78BDA170F344}.Debug|Any CPU.ActiveCfg = Debug|Any CPU
		{64656349-1040-4892-9B2E-78BDA170F344}.Debug|Any CPU.Build.0 = Debug|Any CPU
		{64656349-1040-4892-9B2E-78BDA170F344}.Release|Any CPU.ActiveCfg = Release|Any CPU
		{64656349-1040-4892-9B2E-78BDA170F344}.Release|Any CPU.Build.0 = Release|Any CPU
		{C3EBFDEA-10ED-4B3B-AE42-B102D130A949}.Debug|Any CPU.ActiveCfg = Debug|Any CPU
		{C3EBFDEA-10ED-4B3B-AE42-B102D130A949}.Debug|Any CPU.Build.0 = Debug|Any CPU
		{C3EBFDEA-10ED-4B3B-AE42-B102D130A949}.Release|Any CPU.ActiveCfg = Release|Any CPU
		{C3EBFDEA-10ED-4B3B-AE42-B102D130A949}.Release|Any CPU.Build.0 = Release|Any CPU
		{E9508454-C6EC-4798-852E-F7064AD650F0}.Debug|Any CPU.ActiveCfg = Debug|Any CPU
		{E9508454-C6EC-4798-852E-F7064AD650F0}.Debug|Any CPU.Build.0 = Debug|Any CPU
		{E9508454-C6EC-4798-852E-F7064AD650F0}.Release|Any CPU.ActiveCfg = Release|Any CPU
		{E9508454-C6EC-4798-852E-F7064AD650F0}.Release|Any CPU.Build.0 = Release|Any CPU
		{C5D5776B-7B4A-48AE-A432-A8C3940387ED}.Debug|Any CPU.ActiveCfg = Debug|Any CPU
		{C5D5776B-7B4A-48AE-A432-A8C3940387ED}.Debug|Any CPU.Build.0 = Debug|Any CPU
		{C5D5776B-7B4A-48AE-A432-A8C3940387ED}.Release|Any CPU.ActiveCfg = Release|Any CPU
		{C5D5776B-7B4A-48AE-A432-A8C3940387ED}.Release|Any CPU.Build.0 = Release|Any CPU
		{88C96AA4-A9A3-4C5C-BE31-1E541DED0CC1}.Debug|Any CPU.ActiveCfg = Debug|Any CPU
		{88C96AA4-A9A3-4C5C-BE31-1E541DED0CC1}.Debug|Any CPU.Build.0 = Debug|Any CPU
		{88C96AA4-A9A3-4C5C-BE31-1E541DED0CC1}.Release|Any CPU.ActiveCfg = Release|Any CPU
		{88C96AA4-A9A3-4C5C-BE31-1E541DED0CC1}.Release|Any CPU.Build.0 = Release|Any CPU
		{0C1CC90E-C4F3-4C30-A103-CA264AFE3390}.Debug|Any CPU.ActiveCfg = Debug|Any CPU
		{0C1CC90E-C4F3-4C30-A103-CA264AFE3390}.Debug|Any CPU.Build.0 = Debug|Any CPU
		{0C1CC90E-C4F3-4C30-A103-CA264AFE3390}.Release|Any CPU.ActiveCfg = Release|Any CPU
		{0C1CC90E-C4F3-4C30-A103-CA264AFE3390}.Release|Any CPU.Build.0 = Release|Any CPU
	EndGlobalSection
EndGlobal
