
Microsoft Visual Studio Solution File, Format Version 12.00
Project("{2150E333-8FDC-42A3-9474-1A3956D46DE8}") = "Components", "Components", "{FDA3388A-CC9D-4CB0-9C82-AA8ADC5C683F}"
EndProject
Project("{2150E333-8FDC-42A3-9474-1A3956D46DE8}") = "Base", "Base", "{4AD9105C-7FB1-457C-9482-62F479838731}"
EndProject
Project("{FAE04EC0-301F-11D3-BF4B-00C04F79EFBC}") = "DDDCore.Infrastructure", "Base\DDDCore.Infrastructure\DDDCore.Infrastructure.csproj", "{77067D48-565C-4801-9CA0-9C65B48A4029}"
EndProject
Project("{FAE04EC0-301F-11D3-BF4B-00C04F79EFBC}") = "Fyley.Core.Asp", "Base\Fyley.Core.Asp\Fyley.Core.Asp.csproj", "{9A28F19D-560A-4BA4-B998-BF2DAB5DD97A}"
EndProject
Project("{FAE04EC0-301F-11D3-BF4B-00C04F79EFBC}") = "DDDCore", "Base\DDDCore\DDDCore.csproj", "{397510F3-E209-4D4E-BA16-C59AB8469E37}"
EndProject
Project("{2150E333-8FDC-42A3-9474-1A3956D46DE8}") = "BFF", "BFF", "{EC997F74-2F22-4486-8D48-B4A94F44BD17}"
EndProject
Project("{FAE04EC0-301F-11D3-BF4B-00C04F79EFBC}") = "Fyley.BFF.Desktop", "BFF\Fyley.BFF.Desktop\Fyley.BFF.Desktop.csproj", "{64656349-1040-4892-9B2E-78BDA170F344}"
EndProject
Project("{2150E333-8FDC-42A3-9474-1A3956D46DE8}") = "Financial", "Financial", "{C94028CB-E033-4549-B4A2-8F775D1ABC6D}"
EndProject
Project("{FAE04EC0-301F-11D3-BF4B-00C04F79EFBC}") = "Fyley.Components.Financial", "Components\Fyley.Components.Financial\Fyley.Components.Financial.csproj", "{50B39E86-1DD2-4137-ACF9-353BA91F3EED}"
EndProject
Project("{FAE04EC0-301F-11D3-BF4B-00C04F79EFBC}") = "Fyley.Components.Financial.Contracts", "Components\Fyley.Components.Financial.Contracts\Fyley.Components.Financial.Contracts.csproj", "{BD73AA69-82F3-47F8-8AD8-5ADC653AC522}"
EndProject
Project("{FAE04EC0-301F-11D3-BF4B-00C04F79EFBC}") = "Fyley.Components.Financial.Infrastructure", "Components\Fyley.Components.Financial.Infrastructure\Fyley.Components.Financial.Infrastructure.csproj", "{96B573F0-A31B-49F0-8A8A-F2A42A7D2645}"
EndProject
Project("{FAE04EC0-301F-11D3-BF4B-00C04F79EFBC}") = "Fyley.Components.Financial.Migrations", "Components\Fyley.Components.Financial.Migrations\Fyley.Components.Financial.Migrations.csproj", "{9F070352-D6D4-4114-B440-23DBE1B7E002}"
EndProject
Project("{FAE04EC0-301F-11D3-BF4B-00C04F79EFBC}") = "Fyley.Components.Financial.Tests", "Components\Fyley.Components.Financial.Tests\Fyley.Components.Financial.Tests.csproj", "{77F49BFD-D66C-49D2-BF34-DDBB87614CF7}"
EndProject
Project("{FAE04EC0-301F-11D3-BF4B-00C04F79EFBC}") = "Fyley.BFF.Desktop.IntegrationTests", "BFF\Fyley.BFF.Desktop.IntegrationTests\Fyley.BFF.Desktop.IntegrationTests.csproj", "{43940906-4ABC-4587-9842-B7A392DEDDDC}"
EndProject
Global
	GlobalSection(SolutionConfigurationPlatforms) = preSolution
		Debug|Any CPU = Debug|Any CPU
		Release|Any CPU = Release|Any CPU
	EndGlobalSection
	GlobalSection(NestedProjects) = preSolution
		{77067D48-565C-4801-9CA0-9C65B48A4029} = {4AD9105C-7FB1-457C-9482-62F479838731}
		{9A28F19D-560A-4BA4-B998-BF2DAB5DD97A} = {4AD9105C-7FB1-457C-9482-62F479838731}
		{397510F3-E209-4D4E-BA16-C59AB8469E37} = {4AD9105C-7FB1-457C-9482-62F479838731}
		{64656349-1040-4892-9B2E-78BDA170F344} = {EC997F74-2F22-4486-8D48-B4A94F44BD17}
		{C94028CB-E033-4549-B4A2-8F775D1ABC6D} = {FDA3388A-CC9D-4CB0-9C82-AA8ADC5C683F}
		{50B39E86-1DD2-4137-ACF9-353BA91F3EED} = {C94028CB-E033-4549-B4A2-8F775D1ABC6D}
		{BD73AA69-82F3-47F8-8AD8-5ADC653AC522} = {C94028CB-E033-4549-B4A2-8F775D1ABC6D}
		{96B573F0-A31B-49F0-8A8A-F2A42A7D2645} = {C94028CB-E033-4549-B4A2-8F775D1ABC6D}
		{9F070352-D6D4-4114-B440-23DBE1B7E002} = {C94028CB-E033-4549-B4A2-8F775D1ABC6D}
		{77F49BFD-D66C-49D2-BF34-DDBB87614CF7} = {C94028CB-E033-4549-B4A2-8F775D1ABC6D}
		{43940906-4ABC-4587-9842-B7A392DEDDDC} = {EC997F74-2F22-4486-8D48-B4A94F44BD17}
	EndGlobalSection
	GlobalSection(ProjectConfigurationPlatforms) = postSolution
		{77067D48-565C-4801-9CA0-9C65B48A4029}.Debug|Any CPU.ActiveCfg = Debug|Any CPU
		{77067D48-565C-4801-9CA0-9C65B48A4029}.Debug|Any CPU.Build.0 = Debug|Any CPU
		{77067D48-565C-4801-9CA0-9C65B48A4029}.Release|Any CPU.ActiveCfg = Release|Any CPU
		{77067D48-565C-4801-9CA0-9C65B48A4029}.Release|Any CPU.Build.0 = Release|Any CPU
		{9A28F19D-560A-4BA4-B998-BF2DAB5DD97A}.Debug|Any CPU.ActiveCfg = Debug|Any CPU
		{9A28F19D-560A-4BA4-B998-BF2DAB5DD97A}.Debug|Any CPU.Build.0 = Debug|Any CPU
		{9A28F19D-560A-4BA4-B998-BF2DAB5DD97A}.Release|Any CPU.ActiveCfg = Release|Any CPU
		{9A28F19D-560A-4BA4-B998-BF2DAB5DD97A}.Release|Any CPU.Build.0 = Release|Any CPU
		{397510F3-E209-4D4E-BA16-C59AB8469E37}.Debug|Any CPU.ActiveCfg = Debug|Any CPU
		{397510F3-E209-4D4E-BA16-C59AB8469E37}.Debug|Any CPU.Build.0 = Debug|Any CPU
		{397510F3-E209-4D4E-BA16-C59AB8469E37}.Release|Any CPU.ActiveCfg = Release|Any CPU
		{397510F3-E209-4D4E-BA16-C59AB8469E37}.Release|Any CPU.Build.0 = Release|Any CPU
		{64656349-1040-4892-9B2E-78BDA170F344}.Debug|Any CPU.ActiveCfg = Debug|Any CPU
		{64656349-1040-4892-9B2E-78BDA170F344}.Debug|Any CPU.Build.0 = Debug|Any CPU
		{64656349-1040-4892-9B2E-78BDA170F344}.Release|Any CPU.ActiveCfg = Release|Any CPU
		{64656349-1040-4892-9B2E-78BDA170F344}.Release|Any CPU.Build.0 = Release|Any CPU
		{50B39E86-1DD2-4137-ACF9-353BA91F3EED}.Debug|Any CPU.ActiveCfg = Debug|Any CPU
		{50B39E86-1DD2-4137-ACF9-353BA91F3EED}.Debug|Any CPU.Build.0 = Debug|Any CPU
		{50B39E86-1DD2-4137-ACF9-353BA91F3EED}.Release|Any CPU.ActiveCfg = Release|Any CPU
		{50B39E86-1DD2-4137-ACF9-353BA91F3EED}.Release|Any CPU.Build.0 = Release|Any CPU
		{BD73AA69-82F3-47F8-8AD8-5ADC653AC522}.Debug|Any CPU.ActiveCfg = Debug|Any CPU
		{BD73AA69-82F3-47F8-8AD8-5ADC653AC522}.Debug|Any CPU.Build.0 = Debug|Any CPU
		{BD73AA69-82F3-47F8-8AD8-5ADC653AC522}.Release|Any CPU.ActiveCfg = Release|Any CPU
		{BD73AA69-82F3-47F8-8AD8-5ADC653AC522}.Release|Any CPU.Build.0 = Release|Any CPU
		{96B573F0-A31B-49F0-8A8A-F2A42A7D2645}.Debug|Any CPU.ActiveCfg = Debug|Any CPU
		{96B573F0-A31B-49F0-8A8A-F2A42A7D2645}.Debug|Any CPU.Build.0 = Debug|Any CPU
		{96B573F0-A31B-49F0-8A8A-F2A42A7D2645}.Release|Any CPU.ActiveCfg = Release|Any CPU
		{96B573F0-A31B-49F0-8A8A-F2A42A7D2645}.Release|Any CPU.Build.0 = Release|Any CPU
		{9F070352-D6D4-4114-B440-23DBE1B7E002}.Debug|Any CPU.ActiveCfg = Debug|Any CPU
		{9F070352-D6D4-4114-B440-23DBE1B7E002}.Debug|Any CPU.Build.0 = Debug|Any CPU
		{9F070352-D6D4-4114-B440-23DBE1B7E002}.Release|Any CPU.ActiveCfg = Release|Any CPU
		{9F070352-D6D4-4114-B440-23DBE1B7E002}.Release|Any CPU.Build.0 = Release|Any CPU
		{77F49BFD-D66C-49D2-BF34-DDBB87614CF7}.Debug|Any CPU.ActiveCfg = Debug|Any CPU
		{77F49BFD-D66C-49D2-BF34-DDBB87614CF7}.Debug|Any CPU.Build.0 = Debug|Any CPU
		{77F49BFD-D66C-49D2-BF34-DDBB87614CF7}.Release|Any CPU.ActiveCfg = Release|Any CPU
		{77F49BFD-D66C-49D2-BF34-DDBB87614CF7}.Release|Any CPU.Build.0 = Release|Any CPU
		{43940906-4ABC-4587-9842-B7A392DEDDDC}.Debug|Any CPU.ActiveCfg = Debug|Any CPU
		{43940906-4ABC-4587-9842-B7A392DEDDDC}.Debug|Any CPU.Build.0 = Debug|Any CPU
		{43940906-4ABC-4587-9842-B7A392DEDDDC}.Release|Any CPU.ActiveCfg = Release|Any CPU
		{43940906-4ABC-4587-9842-B7A392DEDDDC}.Release|Any CPU.Build.0 = Release|Any CPU
	EndGlobalSection
EndGlobal
